
Microsoft Visual Studio Solution File, Format Version 12.00
# Visual Studio 15
VisualStudioVersion = 15.0.27703.2000
MinimumVisualStudioVersion = 10.0.40219.1
Project("{FAE04EC0-301F-11D3-BF4B-00C04F79EFBC}") = "LoginUserControl", "LoginUserControl\LoginUserControl.csproj", "{32CFCE9C-368F-4112-8BE9-4A2541FE2906}"
EndProject
Project("{FAE04EC0-301F-11D3-BF4B-00C04F79EFBC}") = "LoginUserControlDriver", "LoginUserControlDriver\LoginUserControlDriver.csproj", "{069155CE-AC8E-4A1B-818E-74C26DB424EE}"
EndProject
Project("{FAE04EC0-301F-11D3-BF4B-00C04F79EFBC}") = "OnlineInventory", "OnlineInventory\OnlineInventory.csproj", "{A0140593-34F5-4CF9-A476-B143B861E952}"
EndProject
Global
	GlobalSection(SolutionConfigurationPlatforms) = preSolution
		Debug|Any CPU = Debug|Any CPU
		Release|Any CPU = Release|Any CPU
	EndGlobalSection
	GlobalSection(ProjectConfigurationPlatforms) = postSolution
		{32CFCE9C-368F-4112-8BE9-4A2541FE2906}.Debug|Any CPU.ActiveCfg = Debug|Any CPU
		{32CFCE9C-368F-4112-8BE9-4A2541FE2906}.Debug|Any CPU.Build.0 = Debug|Any CPU
		{32CFCE9C-368F-4112-8BE9-4A2541FE2906}.Release|Any CPU.ActiveCfg = Release|Any CPU
		{32CFCE9C-368F-4112-8BE9-4A2541FE2906}.Release|Any CPU.Build.0 = Release|Any CPU
		{069155CE-AC8E-4A1B-818E-74C26DB424EE}.Debug|Any CPU.ActiveCfg = Debug|Any CPU
		{069155CE-AC8E-4A1B-818E-74C26DB424EE}.Debug|Any CPU.Build.0 = Debug|Any CPU
		{069155CE-AC8E-4A1B-818E-74C26DB424EE}.Release|Any CPU.ActiveCfg = Release|Any CPU
		{069155CE-AC8E-4A1B-818E-74C26DB424EE}.Release|Any CPU.Build.0 = Release|Any CPU
		{A0140593-34F5-4CF9-A476-B143B861E952}.Debug|Any CPU.ActiveCfg = Debug|Any CPU
		{A0140593-34F5-4CF9-A476-B143B861E952}.Debug|Any CPU.Build.0 = Debug|Any CPU
		{A0140593-34F5-4CF9-A476-B143B861E952}.Release|Any CPU.ActiveCfg = Release|Any CPU
		{A0140593-34F5-4CF9-A476-B143B861E952}.Release|Any CPU.Build.0 = Release|Any CPU
	EndGlobalSection
	GlobalSection(SolutionProperties) = preSolution
		HideSolutionNode = FALSE
	EndGlobalSection
	GlobalSection(ExtensibilityGlobals) = postSolution
		SolutionGuid = {485BD342-47FF-4653-9DF9-D3D4945DF55E}
	EndGlobalSection
EndGlobal
