
Microsoft Visual Studio Solution File, Format Version 12.00
# Visual Studio 15
VisualStudioVersion = 15.0.27703.2000
MinimumVisualStudioVersion = 10.0.40219.1
Project("{FAE04EC0-301F-11D3-BF4B-00C04F79EFBC}") = "Frederico-Alexandre_Lab05_Ex2", "Frederico-Alexandre_Lab05_Ex2\Frederico-Alexandre_Lab05_Ex2.csproj", "{27720FC7-1AC2-4389-AA0D-CD07FE4A3802}"
EndProject
Project("{FAE04EC0-301F-11D3-BF4B-00C04F79EFBC}") = "Frederico-Alexandre_Lab05_Ex1", "Frederico-Alexandre_Lab05_Ex1\Frederico-Alexandre_Lab05_Ex1.csproj", "{9CA6DCCB-9D93-496F-9D72-F272A52A5AA3}"
EndProject
Project("{FAE04EC0-301F-11D3-BF4B-00C04F79EFBC}") = "Frederico-Alexandre_Lab05_Ex3", "Frederico-Alexandre_Lab05_Ex3\Frederico-Alexandre_Lab05_Ex3.csproj", "{E915C40E-5476-426F-823A-AD8D5CF7E676}"
EndProject
Project("{FAE04EC0-301F-11D3-BF4B-00C04F79EFBC}") = "LinkedListLibrary", "LinkedListLibrary\LinkedListLibrary.csproj", "{ABD495A0-2A78-4125-98BC-FC22B41F6F4D}"
EndProject
Project("{FAE04EC0-301F-11D3-BF4B-00C04F79EFBC}") = "StackInheritanceLibrary", "StackInheritanceLibrary\StackInheritanceLibrary.csproj", "{0B07DB32-8CFE-466D-AB88-E322973901B0}"
EndProject
Project("{FAE04EC0-301F-11D3-BF4B-00C04F79EFBC}") = "QueueInheritanceLibrary", "QueueInheritanceLibrary\QueueInheritanceLibrary.csproj", "{D3BAFA74-4562-4DB6-9AC4-A44E7478CC1D}"
EndProject
Global
	GlobalSection(SolutionConfigurationPlatforms) = preSolution
		Debug|Any CPU = Debug|Any CPU
		Release|Any CPU = Release|Any CPU
	EndGlobalSection
	GlobalSection(ProjectConfigurationPlatforms) = postSolution
		{27720FC7-1AC2-4389-AA0D-CD07FE4A3802}.Debug|Any CPU.ActiveCfg = Debug|Any CPU
		{27720FC7-1AC2-4389-AA0D-CD07FE4A3802}.Debug|Any CPU.Build.0 = Debug|Any CPU
		{27720FC7-1AC2-4389-AA0D-CD07FE4A3802}.Release|Any CPU.ActiveCfg = Release|Any CPU
		{27720FC7-1AC2-4389-AA0D-CD07FE4A3802}.Release|Any CPU.Build.0 = Release|Any CPU
		{9CA6DCCB-9D93-496F-9D72-F272A52A5AA3}.Debug|Any CPU.ActiveCfg = Debug|Any CPU
		{9CA6DCCB-9D93-496F-9D72-F272A52A5AA3}.Debug|Any CPU.Build.0 = Debug|Any CPU
		{9CA6DCCB-9D93-496F-9D72-F272A52A5AA3}.Release|Any CPU.ActiveCfg = Release|Any CPU
		{9CA6DCCB-9D93-496F-9D72-F272A52A5AA3}.Release|Any CPU.Build.0 = Release|Any CPU
		{E915C40E-5476-426F-823A-AD8D5CF7E676}.Debug|Any CPU.ActiveCfg = Debug|Any CPU
		{E915C40E-5476-426F-823A-AD8D5CF7E676}.Debug|Any CPU.Build.0 = Debug|Any CPU
		{E915C40E-5476-426F-823A-AD8D5CF7E676}.Release|Any CPU.ActiveCfg = Release|Any CPU
		{E915C40E-5476-426F-823A-AD8D5CF7E676}.Release|Any CPU.Build.0 = Release|Any CPU
		{ABD495A0-2A78-4125-98BC-FC22B41F6F4D}.Debug|Any CPU.ActiveCfg = Debug|Any CPU
		{ABD495A0-2A78-4125-98BC-FC22B41F6F4D}.Debug|Any CPU.Build.0 = Debug|Any CPU
		{ABD495A0-2A78-4125-98BC-FC22B41F6F4D}.Release|Any CPU.ActiveCfg = Release|Any CPU
		{ABD495A0-2A78-4125-98BC-FC22B41F6F4D}.Release|Any CPU.Build.0 = Release|Any CPU
		{0B07DB32-8CFE-466D-AB88-E322973901B0}.Debug|Any CPU.ActiveCfg = Debug|Any CPU
		{0B07DB32-8CFE-466D-AB88-E322973901B0}.Debug|Any CPU.Build.0 = Debug|Any CPU
		{0B07DB32-8CFE-466D-AB88-E322973901B0}.Release|Any CPU.ActiveCfg = Release|Any CPU
		{0B07DB32-8CFE-466D-AB88-E322973901B0}.Release|Any CPU.Build.0 = Release|Any CPU
		{D3BAFA74-4562-4DB6-9AC4-A44E7478CC1D}.Debug|Any CPU.ActiveCfg = Debug|Any CPU
		{D3BAFA74-4562-4DB6-9AC4-A44E7478CC1D}.Debug|Any CPU.Build.0 = Debug|Any CPU
		{D3BAFA74-4562-4DB6-9AC4-A44E7478CC1D}.Release|Any CPU.ActiveCfg = Release|Any CPU
		{D3BAFA74-4562-4DB6-9AC4-A44E7478CC1D}.Release|Any CPU.Build.0 = Release|Any CPU
	EndGlobalSection
	GlobalSection(SolutionProperties) = preSolution
		HideSolutionNode = FALSE
	EndGlobalSection
	GlobalSection(ExtensibilityGlobals) = postSolution
		SolutionGuid = {247F20AA-5579-480C-BC90-15D5D8F1FA29}
	EndGlobalSection
EndGlobal
