
Microsoft Visual Studio Solution File, Format Version 12.00
# Visual Studio 15
VisualStudioVersion = 15.0.27703.2000
MinimumVisualStudioVersion = 10.0.40219.1
Project("{FAE04EC0-301F-11D3-BF4B-00C04F79EFBC}") = "BaseballLibrary", "BaseballLibrary\BaseballLibrary.csproj", "{F50548E1-5777-47AB-855C-682265E482EE}"
EndProject
Project("{FAE04EC0-301F-11D3-BF4B-00C04F79EFBC}") = "ManageBaseballPlayer", "ManageBaseballPlayer\ManageBaseballPlayer.csproj", "{9075A0E6-3FCB-4079-A3BF-93EE33AA33D7}"
EndProject
Global
	GlobalSection(SolutionConfigurationPlatforms) = preSolution
		Debug|Any CPU = Debug|Any CPU
		Release|Any CPU = Release|Any CPU
	EndGlobalSection
	GlobalSection(ProjectConfigurationPlatforms) = postSolution
		{F50548E1-5777-47AB-855C-682265E482EE}.Debug|Any CPU.ActiveCfg = Debug|Any CPU
		{F50548E1-5777-47AB-855C-682265E482EE}.Debug|Any CPU.Build.0 = Debug|Any CPU
		{F50548E1-5777-47AB-855C-682265E482EE}.Release|Any CPU.ActiveCfg = Release|Any CPU
		{F50548E1-5777-47AB-855C-682265E482EE}.Release|Any CPU.Build.0 = Release|Any CPU
		{9075A0E6-3FCB-4079-A3BF-93EE33AA33D7}.Debug|Any CPU.ActiveCfg = Debug|Any CPU
		{9075A0E6-3FCB-4079-A3BF-93EE33AA33D7}.Debug|Any CPU.Build.0 = Debug|Any CPU
		{9075A0E6-3FCB-4079-A3BF-93EE33AA33D7}.Release|Any CPU.ActiveCfg = Release|Any CPU
		{9075A0E6-3FCB-4079-A3BF-93EE33AA33D7}.Release|Any CPU.Build.0 = Release|Any CPU
	EndGlobalSection
	GlobalSection(SolutionProperties) = preSolution
		HideSolutionNode = FALSE
	EndGlobalSection
	GlobalSection(ExtensibilityGlobals) = postSolution
		SolutionGuid = {37D1972C-3786-4A48-958E-012831CE1A76}
	EndGlobalSection
EndGlobal
